// !$*UTF8*$!
{
	archiveVersion = 1;
	classes = {
	};
	objectVersion = 46;
	objects = {

/* Begin PBXBuildFile section */
		6003F58E195388D20070C39A /* Foundation.framework in Frameworks */ = {isa = PBXBuildFile; fileRef = 6003F58D195388D20070C39A /* Foundation.framework */; };
		6003F590195388D20070C39A /* CoreGraphics.framework in Frameworks */ = {isa = PBXBuildFile; fileRef = 6003F58F195388D20070C39A /* CoreGraphics.framework */; };
		6003F592195388D20070C39A /* UIKit.framework in Frameworks */ = {isa = PBXBuildFile; fileRef = 6003F591195388D20070C39A /* UIKit.framework */; };
		6003F598195388D20070C39A /* InfoPlist.strings in Resources */ = {isa = PBXBuildFile; fileRef = 6003F596195388D20070C39A /* InfoPlist.strings */; };
		6003F59A195388D20070C39A /* main.m in Sources */ = {isa = PBXBuildFile; fileRef = 6003F599195388D20070C39A /* main.m */; };
		6003F5A9195388D20070C39A /* Images.xcassets in Resources */ = {isa = PBXBuildFile; fileRef = 6003F5A8195388D20070C39A /* Images.xcassets */; };
		6003F5B0195388D20070C39A /* XCTest.framework in Frameworks */ = {isa = PBXBuildFile; fileRef = 6003F5AF195388D20070C39A /* XCTest.framework */; };
		6003F5B1195388D20070C39A /* Foundation.framework in Frameworks */ = {isa = PBXBuildFile; fileRef = 6003F58D195388D20070C39A /* Foundation.framework */; };
		6003F5B2195388D20070C39A /* UIKit.framework in Frameworks */ = {isa = PBXBuildFile; fileRef = 6003F591195388D20070C39A /* UIKit.framework */; };
		6003F5BA195388D20070C39A /* InfoPlist.strings in Resources */ = {isa = PBXBuildFile; fileRef = 6003F5B8195388D20070C39A /* InfoPlist.strings */; };
		6003F5BC195388D20070C39A /* Tests.m in Sources */ = {isa = PBXBuildFile; fileRef = 6003F5BB195388D20070C39A /* Tests.m */; };
		71719F9F1E33DC2100824A3D /* LaunchScreen.storyboard in Resources */ = {isa = PBXBuildFile; fileRef = 71719F9D1E33DC2100824A3D /* LaunchScreen.storyboard */; };
		873B8AEB1B1F5CCA007FD442 /* Main.storyboard in Resources */ = {isa = PBXBuildFile; fileRef = 873B8AEA1B1F5CCA007FD442 /* Main.storyboard */; };
		B68C2266213F7E0400AAFB43 /* BaseController.m in Sources */ = {isa = PBXBuildFile; fileRef = B68C2265213F7E0400AAFB43 /* BaseController.m */; };
		B68C2269213F7E7100AAFB43 /* Mediator1Controller.m in Sources */ = {isa = PBXBuildFile; fileRef = B68C2268213F7E7100AAFB43 /* Mediator1Controller.m */; };
		B68C226C213F7E8100AAFB43 /* Mediator2Controller.m in Sources */ = {isa = PBXBuildFile; fileRef = B68C226B213F7E8100AAFB43 /* Mediator2Controller.m */; };
		B68C226F213F7E8F00AAFB43 /* Mediator3Controller.m in Sources */ = {isa = PBXBuildFile; fileRef = B68C226E213F7E8F00AAFB43 /* Mediator3Controller.m */; };
		B6EDEA46213D54E700E1E30E /* TabbarController.m in Sources */ = {isa = PBXBuildFile; fileRef = B6EDEA40213D54E700E1E30E /* TabbarController.m */; };
		B6EDEA47213D54E700E1E30E /* NavigationController.m in Sources */ = {isa = PBXBuildFile; fileRef = B6EDEA44213D54E700E1E30E /* NavigationController.m */; };
		B6EDEA48213D54E700E1E30E /* AppDelegate.m in Sources */ = {isa = PBXBuildFile; fileRef = B6EDEA45213D54E700E1E30E /* AppDelegate.m */; };
		B6EDEA56213D54F300E1E30E /* FourViewController.m in Sources */ = {isa = PBXBuildFile; fileRef = B6EDEA4A213D54F300E1E30E /* FourViewController.m */; };
		B6EDEA57213D54F300E1E30E /* HomeViewController.m in Sources */ = {isa = PBXBuildFile; fileRef = B6EDEA4B213D54F300E1E30E /* HomeViewController.m */; };
		B6EDEA58213D54F300E1E30E /* OneViewController.m in Sources */ = {isa = PBXBuildFile; fileRef = B6EDEA4C213D54F300E1E30E /* OneViewController.m */; };
		B6EDEA59213D54F300E1E30E /* ThreeViewController.m in Sources */ = {isa = PBXBuildFile; fileRef = B6EDEA4D213D54F300E1E30E /* ThreeViewController.m */; };
		B6EDEA5A213D54F300E1E30E /* TwoViewController.m in Sources */ = {isa = PBXBuildFile; fileRef = B6EDEA4F213D54F300E1E30E /* TwoViewController.m */; };
		B6EDEA5B213D54F300E1E30E /* SettingViewController.m in Sources */ = {isa = PBXBuildFile; fileRef = B6EDEA55213D54F300E1E30E /* SettingViewController.m */; };
		B6EDEA5F213D566900E1E30E /* SegmentLayerView.m in Sources */ = {isa = PBXBuildFile; fileRef = B6EDEA5E213D566900E1E30E /* SegmentLayerView.m */; };
		B6EDEA62213D59C600E1E30E /* ZJCollectionView.m in Sources */ = {isa = PBXBuildFile; fileRef = B6EDEA61213D59C600E1E30E /* ZJCollectionView.m */; };
		E9442787C9A6B4F0385E8E4B /* Pods_ZJRoutes_Tests.framework in Frameworks */ = {isa = PBXBuildFile; fileRef = 7221F5D49F4067F3C4EFA8E0 /* Pods_ZJRoutes_Tests.framework */; };
		ED879A17CF2F064A96F4099F /* Pods_ZJRoutes_Example.framework in Frameworks */ = {isa = PBXBuildFile; fileRef = 84558A6A0BC6388CAB935FCE /* Pods_ZJRoutes_Example.framework */; };
/* End PBXBuildFile section */

/* Begin PBXContainerItemProxy section */
		6003F5B3195388D20070C39A /* PBXContainerItemProxy */ = {
			isa = PBXContainerItemProxy;
			containerPortal = 6003F582195388D10070C39A /* Project object */;
			proxyType = 1;
			remoteGlobalIDString = 6003F589195388D20070C39A;
			remoteInfo = ZJRoutes;
		};
/* End PBXContainerItemProxy section */

/* Begin PBXFileReference section */
		0449475547DCBE372DF69065 /* Pods-ZJRoutes_Tests.release.xcconfig */ = {isa = PBXFileReference; includeInIndex = 1; lastKnownFileType = text.xcconfig; name = "Pods-ZJRoutes_Tests.release.xcconfig"; path = "Pods/Target Support Files/Pods-ZJRoutes_Tests/Pods-ZJRoutes_Tests.release.xcconfig"; sourceTree = "<group>"; };
		054CDAB81703F1786412D52F /* ZJRoutes.podspec */ = {isa = PBXFileReference; includeInIndex = 1; lastKnownFileType = text; name = ZJRoutes.podspec; path = ../ZJRoutes.podspec; sourceTree = "<group>"; xcLanguageSpecificationIdentifier = xcode.lang.ruby; };
		3CD019DDD72A4603301E5C60 /* Pods-ZJRoutes_Tests.debug.xcconfig */ = {isa = PBXFileReference; includeInIndex = 1; lastKnownFileType = text.xcconfig; name = "Pods-ZJRoutes_Tests.debug.xcconfig"; path = "Pods/Target Support Files/Pods-ZJRoutes_Tests/Pods-ZJRoutes_Tests.debug.xcconfig"; sourceTree = "<group>"; };
		3E53225480D7DB815912A711 /* LICENSE */ = {isa = PBXFileReference; includeInIndex = 1; lastKnownFileType = text; name = LICENSE; path = ../LICENSE; sourceTree = "<group>"; };
		6003F58A195388D20070C39A /* ZJRoutes_Example.app */ = {isa = PBXFileReference; explicitFileType = wrapper.application; includeInIndex = 0; path = ZJRoutes_Example.app; sourceTree = BUILT_PRODUCTS_DIR; };
		6003F58D195388D20070C39A /* Foundation.framework */ = {isa = PBXFileReference; lastKnownFileType = wrapper.framework; name = Foundation.framework; path = System/Library/Frameworks/Foundation.framework; sourceTree = SDKROOT; };
		6003F58F195388D20070C39A /* CoreGraphics.framework */ = {isa = PBXFileReference; lastKnownFileType = wrapper.framework; name = CoreGraphics.framework; path = System/Library/Frameworks/CoreGraphics.framework; sourceTree = SDKROOT; };
		6003F591195388D20070C39A /* UIKit.framework */ = {isa = PBXFileReference; lastKnownFileType = wrapper.framework; name = UIKit.framework; path = System/Library/Frameworks/UIKit.framework; sourceTree = SDKROOT; };
		6003F595195388D20070C39A /* ZJRoutes-Info.plist */ = {isa = PBXFileReference; lastKnownFileType = text.plist.xml; path = "ZJRoutes-Info.plist"; sourceTree = "<group>"; };
		6003F597195388D20070C39A /* en */ = {isa = PBXFileReference; lastKnownFileType = text.plist.strings; name = en; path = en.lproj/InfoPlist.strings; sourceTree = "<group>"; };
		6003F599195388D20070C39A /* main.m */ = {isa = PBXFileReference; lastKnownFileType = sourcecode.c.objc; path = main.m; sourceTree = "<group>"; };
		6003F59B195388D20070C39A /* ZJRoutes-Prefix.pch */ = {isa = PBXFileReference; lastKnownFileType = sourcecode.c.h; path = "ZJRoutes-Prefix.pch"; sourceTree = "<group>"; };
		6003F5A8195388D20070C39A /* Images.xcassets */ = {isa = PBXFileReference; lastKnownFileType = folder.assetcatalog; path = Images.xcassets; sourceTree = "<group>"; };
		6003F5AE195388D20070C39A /* ZJRoutes_Tests.xctest */ = {isa = PBXFileReference; explicitFileType = wrapper.cfbundle; includeInIndex = 0; path = ZJRoutes_Tests.xctest; sourceTree = BUILT_PRODUCTS_DIR; };
		6003F5AF195388D20070C39A /* XCTest.framework */ = {isa = PBXFileReference; lastKnownFileType = wrapper.framework; name = XCTest.framework; path = Library/Frameworks/XCTest.framework; sourceTree = DEVELOPER_DIR; };
		6003F5B7195388D20070C39A /* Tests-Info.plist */ = {isa = PBXFileReference; lastKnownFileType = text.plist.xml; path = "Tests-Info.plist"; sourceTree = "<group>"; };
		6003F5B9195388D20070C39A /* en */ = {isa = PBXFileReference; lastKnownFileType = text.plist.strings; name = en; path = en.lproj/InfoPlist.strings; sourceTree = "<group>"; };
		6003F5BB195388D20070C39A /* Tests.m */ = {isa = PBXFileReference; lastKnownFileType = sourcecode.c.objc; path = Tests.m; sourceTree = "<group>"; };
		606FC2411953D9B200FFA9A0 /* Tests-Prefix.pch */ = {isa = PBXFileReference; lastKnownFileType = sourcecode.c.h; path = "Tests-Prefix.pch"; sourceTree = "<group>"; };
		71719F9E1E33DC2100824A3D /* Base */ = {isa = PBXFileReference; lastKnownFileType = file.storyboard; name = Base; path = Base.lproj/LaunchScreen.storyboard; sourceTree = "<group>"; };
		7221F5D49F4067F3C4EFA8E0 /* Pods_ZJRoutes_Tests.framework */ = {isa = PBXFileReference; explicitFileType = wrapper.framework; includeInIndex = 0; path = Pods_ZJRoutes_Tests.framework; sourceTree = BUILT_PRODUCTS_DIR; };
		84558A6A0BC6388CAB935FCE /* Pods_ZJRoutes_Example.framework */ = {isa = PBXFileReference; explicitFileType = wrapper.framework; includeInIndex = 0; path = Pods_ZJRoutes_Example.framework; sourceTree = BUILT_PRODUCTS_DIR; };
		873B8AEA1B1F5CCA007FD442 /* Main.storyboard */ = {isa = PBXFileReference; fileEncoding = 4; lastKnownFileType = file.storyboard; name = Main.storyboard; path = Base.lproj/Main.storyboard; sourceTree = "<group>"; };
		8DA373E4F9A5F34DE7CF975C /* README.md */ = {isa = PBXFileReference; includeInIndex = 1; lastKnownFileType = net.daringfireball.markdown; name = README.md; path = ../README.md; sourceTree = "<group>"; };
		B58418CA7CBD5E08BC6DAA31 /* Pods-ZJRoutes_Example.debug.xcconfig */ = {isa = PBXFileReference; includeInIndex = 1; lastKnownFileType = text.xcconfig; name = "Pods-ZJRoutes_Example.debug.xcconfig"; path = "Pods/Target Support Files/Pods-ZJRoutes_Example/Pods-ZJRoutes_Example.debug.xcconfig"; sourceTree = "<group>"; };
		B68C2264213F7E0400AAFB43 /* BaseController.h */ = {isa = PBXFileReference; lastKnownFileType = sourcecode.c.h; path = BaseController.h; sourceTree = "<group>"; };
		B68C2265213F7E0400AAFB43 /* BaseController.m */ = {isa = PBXFileReference; lastKnownFileType = sourcecode.c.objc; path = BaseController.m; sourceTree = "<group>"; };
		B68C2267213F7E7100AAFB43 /* Mediator1Controller.h */ = {isa = PBXFileReference; lastKnownFileType = sourcecode.c.h; path = Mediator1Controller.h; sourceTree = "<group>"; };
		B68C2268213F7E7100AAFB43 /* Mediator1Controller.m */ = {isa = PBXFileReference; lastKnownFileType = sourcecode.c.objc; path = Mediator1Controller.m; sourceTree = "<group>"; };
		B68C226A213F7E8100AAFB43 /* Mediator2Controller.h */ = {isa = PBXFileReference; lastKnownFileType = sourcecode.c.h; path = Mediator2Controller.h; sourceTree = "<group>"; };
		B68C226B213F7E8100AAFB43 /* Mediator2Controller.m */ = {isa = PBXFileReference; lastKnownFileType = sourcecode.c.objc; path = Mediator2Controller.m; sourceTree = "<group>"; };
		B68C226D213F7E8F00AAFB43 /* Mediator3Controller.h */ = {isa = PBXFileReference; lastKnownFileType = sourcecode.c.h; path = Mediator3Controller.h; sourceTree = "<group>"; };
		B68C226E213F7E8F00AAFB43 /* Mediator3Controller.m */ = {isa = PBXFileReference; lastKnownFileType = sourcecode.c.objc; path = Mediator3Controller.m; sourceTree = "<group>"; };
		B68C2270213F9CDE00AAFB43 /* ENUM.h */ = {isa = PBXFileReference; lastKnownFileType = sourcecode.c.h; path = ENUM.h; sourceTree = "<group>"; };
		B6EDEA40213D54E700E1E30E /* TabbarController.m */ = {isa = PBXFileReference; fileEncoding = 4; lastKnownFileType = sourcecode.c.objc; path = TabbarController.m; sourceTree = "<group>"; };
		B6EDEA41213D54E700E1E30E /* AppDelegate.h */ = {isa = PBXFileReference; fileEncoding = 4; lastKnownFileType = sourcecode.c.h; path = AppDelegate.h; sourceTree = "<group>"; };
		B6EDEA42213D54E700E1E30E /* NavigationController.h */ = {isa = PBXFileReference; fileEncoding = 4; lastKnownFileType = sourcecode.c.h; path = NavigationController.h; sourceTree = "<group>"; };
		B6EDEA43213D54E700E1E30E /* TabbarController.h */ = {isa = PBXFileReference; fileEncoding = 4; lastKnownFileType = sourcecode.c.h; path = TabbarController.h; sourceTree = "<group>"; };
		B6EDEA44213D54E700E1E30E /* NavigationController.m */ = {isa = PBXFileReference; fileEncoding = 4; lastKnownFileType = sourcecode.c.objc; path = NavigationController.m; sourceTree = "<group>"; };
		B6EDEA45213D54E700E1E30E /* AppDelegate.m */ = {isa = PBXFileReference; fileEncoding = 4; lastKnownFileType = sourcecode.c.objc; path = AppDelegate.m; sourceTree = "<group>"; };
		B6EDEA4A213D54F300E1E30E /* FourViewController.m */ = {isa = PBXFileReference; fileEncoding = 4; lastKnownFileType = sourcecode.c.objc; path = FourViewController.m; sourceTree = "<group>"; };
		B6EDEA4B213D54F300E1E30E /* HomeViewController.m */ = {isa = PBXFileReference; fileEncoding = 4; lastKnownFileType = sourcecode.c.objc; path = HomeViewController.m; sourceTree = "<group>"; };
		B6EDEA4C213D54F300E1E30E /* OneViewController.m */ = {isa = PBXFileReference; fileEncoding = 4; lastKnownFileType = sourcecode.c.objc; path = OneViewController.m; sourceTree = "<group>"; };
		B6EDEA4D213D54F300E1E30E /* ThreeViewController.m */ = {isa = PBXFileReference; fileEncoding = 4; lastKnownFileType = sourcecode.c.objc; path = ThreeViewController.m; sourceTree = "<group>"; };
		B6EDEA4E213D54F300E1E30E /* SettingViewController.h */ = {isa = PBXFileReference; fileEncoding = 4; lastKnownFileType = sourcecode.c.h; path = SettingViewController.h; sourceTree = "<group>"; };
		B6EDEA4F213D54F300E1E30E /* TwoViewController.m */ = {isa = PBXFileReference; fileEncoding = 4; lastKnownFileType = sourcecode.c.objc; path = TwoViewController.m; sourceTree = "<group>"; };
		B6EDEA50213D54F300E1E30E /* OneViewController.h */ = {isa = PBXFileReference; fileEncoding = 4; lastKnownFileType = sourcecode.c.h; path = OneViewController.h; sourceTree = "<group>"; };
		B6EDEA51213D54F300E1E30E /* HomeViewController.h */ = {isa = PBXFileReference; fileEncoding = 4; lastKnownFileType = sourcecode.c.h; path = HomeViewController.h; sourceTree = "<group>"; };
		B6EDEA52213D54F300E1E30E /* FourViewController.h */ = {isa = PBXFileReference; fileEncoding = 4; lastKnownFileType = sourcecode.c.h; path = FourViewController.h; sourceTree = "<group>"; };
		B6EDEA53213D54F300E1E30E /* ThreeViewController.h */ = {isa = PBXFileReference; fileEncoding = 4; lastKnownFileType = sourcecode.c.h; path = ThreeViewController.h; sourceTree = "<group>"; };
		B6EDEA54213D54F300E1E30E /* TwoViewController.h */ = {isa = PBXFileReference; fileEncoding = 4; lastKnownFileType = sourcecode.c.h; path = TwoViewController.h; sourceTree = "<group>"; };
		B6EDEA55213D54F300E1E30E /* SettingViewController.m */ = {isa = PBXFileReference; fileEncoding = 4; lastKnownFileType = sourcecode.c.objc; path = SettingViewController.m; sourceTree = "<group>"; };
		B6EDEA5D213D566900E1E30E /* SegmentLayerView.h */ = {isa = PBXFileReference; lastKnownFileType = sourcecode.c.h; path = SegmentLayerView.h; sourceTree = "<group>"; };
		B6EDEA5E213D566900E1E30E /* SegmentLayerView.m */ = {isa = PBXFileReference; lastKnownFileType = sourcecode.c.objc; path = SegmentLayerView.m; sourceTree = "<group>"; };
		B6EDEA60213D59C600E1E30E /* ZJCollectionView.h */ = {isa = PBXFileReference; lastKnownFileType = sourcecode.c.h; path = ZJCollectionView.h; sourceTree = "<group>"; };
		B6EDEA61213D59C600E1E30E /* ZJCollectionView.m */ = {isa = PBXFileReference; lastKnownFileType = sourcecode.c.objc; path = ZJCollectionView.m; sourceTree = "<group>"; };
		C46EA3FA85F6E94B5B827CFB /* Pods-ZJRoutes_Example.release.xcconfig */ = {isa = PBXFileReference; includeInIndex = 1; lastKnownFileType = text.xcconfig; name = "Pods-ZJRoutes_Example.release.xcconfig"; path = "Pods/Target Support Files/Pods-ZJRoutes_Example/Pods-ZJRoutes_Example.release.xcconfig"; sourceTree = "<group>"; };
/* End PBXFileReference section */

/* Begin PBXFrameworksBuildPhase section */
		6003F587195388D20070C39A /* Frameworks */ = {
			isa = PBXFrameworksBuildPhase;
			buildActionMask = 2147483647;
			files = (
				6003F590195388D20070C39A /* CoreGraphics.framework in Frameworks */,
				6003F592195388D20070C39A /* UIKit.framework in Frameworks */,
				6003F58E195388D20070C39A /* Foundation.framework in Frameworks */,
				ED879A17CF2F064A96F4099F /* Pods_ZJRoutes_Example.framework in Frameworks */,
			);
			runOnlyForDeploymentPostprocessing = 0;
		};
		6003F5AB195388D20070C39A /* Frameworks */ = {
			isa = PBXFrameworksBuildPhase;
			buildActionMask = 2147483647;
			files = (
				6003F5B0195388D20070C39A /* XCTest.framework in Frameworks */,
				6003F5B2195388D20070C39A /* UIKit.framework in Frameworks */,
				6003F5B1195388D20070C39A /* Foundation.framework in Frameworks */,
				E9442787C9A6B4F0385E8E4B /* Pods_ZJRoutes_Tests.framework in Frameworks */,
			);
			runOnlyForDeploymentPostprocessing = 0;
		};
/* End PBXFrameworksBuildPhase section */

/* Begin PBXGroup section */
		6003F581195388D10070C39A = {
			isa = PBXGroup;
			children = (
				60FF7A9C1954A5C5007DD14C /* Podspec Metadata */,
				6003F593195388D20070C39A /* Example for ZJRoutes */,
				6003F5B5195388D20070C39A /* Tests */,
				6003F58C195388D20070C39A /* Frameworks */,
				6003F58B195388D20070C39A /* Products */,
				FE0D1D893AA9A9E274DDD50C /* Pods */,
			);
			sourceTree = "<group>";
		};
		6003F58B195388D20070C39A /* Products */ = {
			isa = PBXGroup;
			children = (
				6003F58A195388D20070C39A /* ZJRoutes_Example.app */,
				6003F5AE195388D20070C39A /* ZJRoutes_Tests.xctest */,
			);
			name = Products;
			sourceTree = "<group>";
		};
		6003F58C195388D20070C39A /* Frameworks */ = {
			isa = PBXGroup;
			children = (
				6003F58D195388D20070C39A /* Foundation.framework */,
				6003F58F195388D20070C39A /* CoreGraphics.framework */,
				6003F591195388D20070C39A /* UIKit.framework */,
				6003F5AF195388D20070C39A /* XCTest.framework */,
				84558A6A0BC6388CAB935FCE /* Pods_ZJRoutes_Example.framework */,
				7221F5D49F4067F3C4EFA8E0 /* Pods_ZJRoutes_Tests.framework */,
			);
			name = Frameworks;
			sourceTree = "<group>";
		};
		6003F593195388D20070C39A /* Example for ZJRoutes */ = {
			isa = PBXGroup;
			children = (
				B6EDEA3F213D54E700E1E30E /* AppDelegate */,
				B6EDEA49213D54F300E1E30E /* Classes */,
				B6EDEA5C213D558600E1E30E /* Segment */,
				B68C2263213F7DCB00AAFB43 /* MediatorExample */,
				873B8AEA1B1F5CCA007FD442 /* Main.storyboard */,
				71719F9D1E33DC2100824A3D /* LaunchScreen.storyboard */,
				6003F5A8195388D20070C39A /* Images.xcassets */,
				6003F594195388D20070C39A /* Supporting Files */,
			);
			name = "Example for ZJRoutes";
			path = ZJRoutes;
			sourceTree = "<group>";
		};
		6003F594195388D20070C39A /* Supporting Files */ = {
			isa = PBXGroup;
			children = (
				6003F595195388D20070C39A /* ZJRoutes-Info.plist */,
				6003F596195388D20070C39A /* InfoPlist.strings */,
				6003F599195388D20070C39A /* main.m */,
				6003F59B195388D20070C39A /* ZJRoutes-Prefix.pch */,
			);
			name = "Supporting Files";
			sourceTree = "<group>";
		};
		6003F5B5195388D20070C39A /* Tests */ = {
			isa = PBXGroup;
			children = (
				6003F5BB195388D20070C39A /* Tests.m */,
				6003F5B6195388D20070C39A /* Supporting Files */,
			);
			path = Tests;
			sourceTree = "<group>";
		};
		6003F5B6195388D20070C39A /* Supporting Files */ = {
			isa = PBXGroup;
			children = (
				6003F5B7195388D20070C39A /* Tests-Info.plist */,
				6003F5B8195388D20070C39A /* InfoPlist.strings */,
				606FC2411953D9B200FFA9A0 /* Tests-Prefix.pch */,
			);
			name = "Supporting Files";
			sourceTree = "<group>";
		};
		60FF7A9C1954A5C5007DD14C /* Podspec Metadata */ = {
			isa = PBXGroup;
			children = (
				054CDAB81703F1786412D52F /* ZJRoutes.podspec */,
				8DA373E4F9A5F34DE7CF975C /* README.md */,
				3E53225480D7DB815912A711 /* LICENSE */,
			);
			name = "Podspec Metadata";
			sourceTree = "<group>";
		};
		B68C2263213F7DCB00AAFB43 /* MediatorExample */ = {
			isa = PBXGroup;
			children = (
				B68C2264213F7E0400AAFB43 /* BaseController.h */,
				B68C2265213F7E0400AAFB43 /* BaseController.m */,
				B68C2267213F7E7100AAFB43 /* Mediator1Controller.h */,
				B68C2268213F7E7100AAFB43 /* Mediator1Controller.m */,
				B68C226A213F7E8100AAFB43 /* Mediator2Controller.h */,
				B68C226B213F7E8100AAFB43 /* Mediator2Controller.m */,
				B68C226D213F7E8F00AAFB43 /* Mediator3Controller.h */,
				B68C226E213F7E8F00AAFB43 /* Mediator3Controller.m */,
				B68C2270213F9CDE00AAFB43 /* ENUM.h */,
			);
			path = MediatorExample;
			sourceTree = "<group>";
		};
		B6EDEA3F213D54E700E1E30E /* AppDelegate */ = {
			isa = PBXGroup;
			children = (
				B6EDEA41213D54E700E1E30E /* AppDelegate.h */,
				B6EDEA45213D54E700E1E30E /* AppDelegate.m */,
				B6EDEA42213D54E700E1E30E /* NavigationController.h */,
				B6EDEA44213D54E700E1E30E /* NavigationController.m */,
				B6EDEA43213D54E700E1E30E /* TabbarController.h */,
				B6EDEA40213D54E700E1E30E /* TabbarController.m */,
			);
			path = AppDelegate;
			sourceTree = "<group>";
		};
		B6EDEA49213D54F300E1E30E /* Classes */ = {
			isa = PBXGroup;
			children = (
				B6EDEA51213D54F300E1E30E /* HomeViewController.h */,
				B6EDEA4B213D54F300E1E30E /* HomeViewController.m */,
				B6EDEA4E213D54F300E1E30E /* SettingViewController.h */,
				B6EDEA55213D54F300E1E30E /* SettingViewController.m */,
				B6EDEA50213D54F300E1E30E /* OneViewController.h */,
				B6EDEA4C213D54F300E1E30E /* OneViewController.m */,
				B6EDEA54213D54F300E1E30E /* TwoViewController.h */,
				B6EDEA4F213D54F300E1E30E /* TwoViewController.m */,
				B6EDEA53213D54F300E1E30E /* ThreeViewController.h */,
				B6EDEA4D213D54F300E1E30E /* ThreeViewController.m */,
				B6EDEA52213D54F300E1E30E /* FourViewController.h */,
				B6EDEA4A213D54F300E1E30E /* FourViewController.m */,
			);
			path = Classes;
			sourceTree = "<group>";
		};
		B6EDEA5C213D558600E1E30E /* Segment */ = {
			isa = PBXGroup;
			children = (
				B6EDEA5D213D566900E1E30E /* SegmentLayerView.h */,
				B6EDEA5E213D566900E1E30E /* SegmentLayerView.m */,
				B6EDEA60213D59C600E1E30E /* ZJCollectionView.h */,
				B6EDEA61213D59C600E1E30E /* ZJCollectionView.m */,
			);
			path = Segment;
			sourceTree = "<group>";
		};
		FE0D1D893AA9A9E274DDD50C /* Pods */ = {
			isa = PBXGroup;
			children = (
				B58418CA7CBD5E08BC6DAA31 /* Pods-ZJRoutes_Example.debug.xcconfig */,
				C46EA3FA85F6E94B5B827CFB /* Pods-ZJRoutes_Example.release.xcconfig */,
				3CD019DDD72A4603301E5C60 /* Pods-ZJRoutes_Tests.debug.xcconfig */,
				0449475547DCBE372DF69065 /* Pods-ZJRoutes_Tests.release.xcconfig */,
			);
			name = Pods;
			sourceTree = "<group>";
		};
/* End PBXGroup section */

/* Begin PBXNativeTarget section */
		6003F589195388D20070C39A /* ZJRoutes_Example */ = {
			isa = PBXNativeTarget;
			buildConfigurationList = 6003F5BF195388D20070C39A /* Build configuration list for PBXNativeTarget "ZJRoutes_Example" */;
			buildPhases = (
				2A0DF38F43FED23483C69261 /* [CP] Check Pods Manifest.lock */,
				6003F586195388D20070C39A /* Sources */,
				6003F587195388D20070C39A /* Frameworks */,
				6003F588195388D20070C39A /* Resources */,
				BBEB24FBB095026EB6EF509B /* [CP] Embed Pods Frameworks */,
			);
			buildRules = (
			);
			dependencies = (
			);
			name = ZJRoutes_Example;
			productName = ZJRoutes;
			productReference = 6003F58A195388D20070C39A /* ZJRoutes_Example.app */;
			productType = "com.apple.product-type.application";
		};
		6003F5AD195388D20070C39A /* ZJRoutes_Tests */ = {
			isa = PBXNativeTarget;
			buildConfigurationList = 6003F5C2195388D20070C39A /* Build configuration list for PBXNativeTarget "ZJRoutes_Tests" */;
			buildPhases = (
				546823268AB72A2B7CE30AEC /* [CP] Check Pods Manifest.lock */,
				6003F5AA195388D20070C39A /* Sources */,
				6003F5AB195388D20070C39A /* Frameworks */,
				6003F5AC195388D20070C39A /* Resources */,
			);
			buildRules = (
			);
			dependencies = (
				6003F5B4195388D20070C39A /* PBXTargetDependency */,
			);
			name = ZJRoutes_Tests;
			productName = ZJRoutesTests;
			productReference = 6003F5AE195388D20070C39A /* ZJRoutes_Tests.xctest */;
			productType = "com.apple.product-type.bundle.unit-test";
		};
/* End PBXNativeTarget section */

/* Begin PBXProject section */
		6003F582195388D10070C39A /* Project object */ = {
			isa = PBXProject;
			attributes = {
				CLASSPREFIX = "";
				LastUpgradeCheck = 0720;
				ORGANIZATIONNAME = "873391579@qq.com";
				TargetAttributes = {
					6003F5AD195388D20070C39A = {
						TestTargetID = 6003F589195388D20070C39A;
					};
				};
			};
			buildConfigurationList = 6003F585195388D10070C39A /* Build configuration list for PBXProject "ZJRoutes" */;
			compatibilityVersion = "Xcode 3.2";
			developmentRegion = English;
			hasScannedForEncodings = 0;
			knownRegions = (
				en,
				Base,
			);
			mainGroup = 6003F581195388D10070C39A;
			productRefGroup = 6003F58B195388D20070C39A /* Products */;
			projectDirPath = "";
			projectRoot = "";
			targets = (
				6003F589195388D20070C39A /* ZJRoutes_Example */,
				6003F5AD195388D20070C39A /* ZJRoutes_Tests */,
			);
		};
/* End PBXProject section */

/* Begin PBXResourcesBuildPhase section */
		6003F588195388D20070C39A /* Resources */ = {
			isa = PBXResourcesBuildPhase;
			buildActionMask = 2147483647;
			files = (
				873B8AEB1B1F5CCA007FD442 /* Main.storyboard in Resources */,
				71719F9F1E33DC2100824A3D /* LaunchScreen.storyboard in Resources */,
				6003F5A9195388D20070C39A /* Images.xcassets in Resources */,
				6003F598195388D20070C39A /* InfoPlist.strings in Resources */,
			);
			runOnlyForDeploymentPostprocessing = 0;
		};
		6003F5AC195388D20070C39A /* Resources */ = {
			isa = PBXResourcesBuildPhase;
			buildActionMask = 2147483647;
			files = (
				6003F5BA195388D20070C39A /* InfoPlist.strings in Resources */,
			);
			runOnlyForDeploymentPostprocessing = 0;
		};
/* End PBXResourcesBuildPhase section */

/* Begin PBXShellScriptBuildPhase section */
		2A0DF38F43FED23483C69261 /* [CP] Check Pods Manifest.lock */ = {
			isa = PBXShellScriptBuildPhase;
			buildActionMask = 2147483647;
			files = (
			);
			inputPaths = (
				"${PODS_PODFILE_DIR_PATH}/Podfile.lock",
				"${PODS_ROOT}/Manifest.lock",
			);
			name = "[CP] Check Pods Manifest.lock";
			outputPaths = (
				"$(DERIVED_FILE_DIR)/Pods-ZJRoutes_Example-checkManifestLockResult.txt",
			);
			runOnlyForDeploymentPostprocessing = 0;
			shellPath = /bin/sh;
			shellScript = "diff \"${PODS_PODFILE_DIR_PATH}/Podfile.lock\" \"${PODS_ROOT}/Manifest.lock\" > /dev/null\nif [ $? != 0 ] ; then\n    # print error to STDERR\n    echo \"error: The sandbox is not in sync with the Podfile.lock. Run 'pod install' or update your CocoaPods installation.\" >&2\n    exit 1\nfi\n# This output is used by Xcode 'outputs' to avoid re-running this script phase.\necho \"SUCCESS\" > \"${SCRIPT_OUTPUT_FILE_0}\"\n";
			showEnvVarsInLog = 0;
		};
		546823268AB72A2B7CE30AEC /* [CP] Check Pods Manifest.lock */ = {
			isa = PBXShellScriptBuildPhase;
			buildActionMask = 2147483647;
			files = (
			);
			inputPaths = (
				"${PODS_PODFILE_DIR_PATH}/Podfile.lock",
				"${PODS_ROOT}/Manifest.lock",
			);
			name = "[CP] Check Pods Manifest.lock";
			outputPaths = (
				"$(DERIVED_FILE_DIR)/Pods-ZJRoutes_Tests-checkManifestLockResult.txt",
			);
			runOnlyForDeploymentPostprocessing = 0;
			shellPath = /bin/sh;
			shellScript = "diff \"${PODS_PODFILE_DIR_PATH}/Podfile.lock\" \"${PODS_ROOT}/Manifest.lock\" > /dev/null\nif [ $? != 0 ] ; then\n    # print error to STDERR\n    echo \"error: The sandbox is not in sync with the Podfile.lock. Run 'pod install' or update your CocoaPods installation.\" >&2\n    exit 1\nfi\n# This output is used by Xcode 'outputs' to avoid re-running this script phase.\necho \"SUCCESS\" > \"${SCRIPT_OUTPUT_FILE_0}\"\n";
			showEnvVarsInLog = 0;
		};
		BBEB24FBB095026EB6EF509B /* [CP] Embed Pods Frameworks */ = {
			isa = PBXShellScriptBuildPhase;
			buildActionMask = 2147483647;
			files = (
			);
			inputPaths = (
				"${SRCROOT}/Pods/Target Support Files/Pods-ZJRoutes_Example/Pods-ZJRoutes_Example-frameworks.sh",
				"${BUILT_PRODUCTS_DIR}/ZJRoutes/ZJRoutes.framework",
			);
			name = "[CP] Embed Pods Frameworks";
			outputPaths = (
				"${TARGET_BUILD_DIR}/${FRAMEWORKS_FOLDER_PATH}/ZJRoutes.framework",
			);
			runOnlyForDeploymentPostprocessing = 0;
			shellPath = /bin/sh;
			shellScript = "\"${SRCROOT}/Pods/Target Support Files/Pods-ZJRoutes_Example/Pods-ZJRoutes_Example-frameworks.sh\"\n";
			showEnvVarsInLog = 0;
		};
/* End PBXShellScriptBuildPhase section */

/* Begin PBXSourcesBuildPhase section */
		6003F586195388D20070C39A /* Sources */ = {
			isa = PBXSourcesBuildPhase;
			buildActionMask = 2147483647;
			files = (
				B68C2269213F7E7100AAFB43 /* Mediator1Controller.m in Sources */,
				B6EDEA56213D54F300E1E30E /* FourViewController.m in Sources */,
				B6EDEA46213D54E700E1E30E /* TabbarController.m in Sources */,
				6003F59A195388D20070C39A /* main.m in Sources */,
				B68C226C213F7E8100AAFB43 /* Mediator2Controller.m in Sources */,
				B6EDEA5B213D54F300E1E30E /* SettingViewController.m in Sources */,
				B6EDEA57213D54F300E1E30E /* HomeViewController.m in Sources */,
				B6EDEA48213D54E700E1E30E /* AppDelegate.m in Sources */,
				B6EDEA59213D54F300E1E30E /* ThreeViewController.m in Sources */,
				B6EDEA47213D54E700E1E30E /* NavigationController.m in Sources */,
				B6EDEA62213D59C600E1E30E /* ZJCollectionView.m in Sources */,
				B6EDEA5A213D54F300E1E30E /* TwoViewController.m in Sources */,
				B68C226F213F7E8F00AAFB43 /* Mediator3Controller.m in Sources */,
				B68C2266213F7E0400AAFB43 /* BaseController.m in Sources */,
				B6EDEA58213D54F300E1E30E /* OneViewController.m in Sources */,
				B6EDEA5F213D566900E1E30E /* SegmentLayerView.m in Sources */,
			);
			runOnlyForDeploymentPostprocessing = 0;
		};
		6003F5AA195388D20070C39A /* Sources */ = {
			isa = PBXSourcesBuildPhase;
			buildActionMask = 2147483647;
			files = (
				6003F5BC195388D20070C39A /* Tests.m in Sources */,
			);
			runOnlyForDeploymentPostprocessing = 0;
		};
/* End PBXSourcesBuildPhase section */

/* Begin PBXTargetDependency section */
		6003F5B4195388D20070C39A /* PBXTargetDependency */ = {
			isa = PBXTargetDependency;
			target = 6003F589195388D20070C39A /* ZJRoutes_Example */;
			targetProxy = 6003F5B3195388D20070C39A /* PBXContainerItemProxy */;
		};
/* End PBXTargetDependency section */

/* Begin PBXVariantGroup section */
		6003F596195388D20070C39A /* InfoPlist.strings */ = {
			isa = PBXVariantGroup;
			children = (
				6003F597195388D20070C39A /* en */,
			);
			name = InfoPlist.strings;
			sourceTree = "<group>";
		};
		6003F5B8195388D20070C39A /* InfoPlist.strings */ = {
			isa = PBXVariantGroup;
			children = (
				6003F5B9195388D20070C39A /* en */,
			);
			name = InfoPlist.strings;
			sourceTree = "<group>";
		};
		71719F9D1E33DC2100824A3D /* LaunchScreen.storyboard */ = {
			isa = PBXVariantGroup;
			children = (
				71719F9E1E33DC2100824A3D /* Base */,
			);
			name = LaunchScreen.storyboard;
			sourceTree = "<group>";
		};
/* End PBXVariantGroup section */

/* Begin XCBuildConfiguration section */
		6003F5BD195388D20070C39A /* Debug */ = {
			isa = XCBuildConfiguration;
			buildSettings = {
				ALWAYS_SEARCH_USER_PATHS = NO;
				CLANG_CXX_LANGUAGE_STANDARD = "gnu++0x";
				CLANG_CXX_LIBRARY = "libc++";
				CLANG_ENABLE_MODULES = YES;
				CLANG_ENABLE_OBJC_ARC = YES;
				CLANG_WARN_BOOL_CONVERSION = YES;
				CLANG_WARN_CONSTANT_CONVERSION = YES;
				CLANG_WARN_DIRECT_OBJC_ISA_USAGE = YES_ERROR;
				CLANG_WARN_EMPTY_BODY = YES;
				CLANG_WARN_ENUM_CONVERSION = YES;
				CLANG_WARN_INT_CONVERSION = YES;
				CLANG_WARN_OBJC_ROOT_CLASS = YES_ERROR;
				CLANG_WARN__DUPLICATE_METHOD_MATCH = YES;
				"CODE_SIGN_IDENTITY[sdk=iphoneos*]" = "iPhone Developer";
				COPY_PHASE_STRIP = NO;
				ENABLE_TESTABILITY = YES;
				GCC_C_LANGUAGE_STANDARD = gnu99;
				GCC_DYNAMIC_NO_PIC = NO;
				GCC_OPTIMIZATION_LEVEL = 0;
				GCC_PREPROCESSOR_DEFINITIONS = (
					"DEBUG=1",
					"$(inherited)",
				);
				GCC_SYMBOLS_PRIVATE_EXTERN = NO;
				GCC_WARN_64_TO_32_BIT_CONVERSION = YES;
				GCC_WARN_ABOUT_RETURN_TYPE = YES_ERROR;
				GCC_WARN_UNDECLARED_SELECTOR = YES;
				GCC_WARN_UNINITIALIZED_AUTOS = YES_AGGRESSIVE;
				GCC_WARN_UNUSED_FUNCTION = YES;
				GCC_WARN_UNUSED_VARIABLE = YES;
				IPHONEOS_DEPLOYMENT_TARGET = 9.3;
				ONLY_ACTIVE_ARCH = YES;
				SDKROOT = iphoneos;
				TARGETED_DEVICE_FAMILY = "1,2";
			};
			name = Debug;
		};
		6003F5BE195388D20070C39A /* Release */ = {
			isa = XCBuildConfiguration;
			buildSettings = {
				ALWAYS_SEARCH_USER_PATHS = NO;
				CLANG_CXX_LANGUAGE_STANDARD = "gnu++0x";
				CLANG_CXX_LIBRARY = "libc++";
				CLANG_ENABLE_MODULES = YES;
				CLANG_ENABLE_OBJC_ARC = YES;
				CLANG_WARN_BOOL_CONVERSION = YES;
				CLANG_WARN_CONSTANT_CONVERSION = YES;
				CLANG_WARN_DIRECT_OBJC_ISA_USAGE = YES_ERROR;
				CLANG_WARN_EMPTY_BODY = YES;
				CLANG_WARN_ENUM_CONVERSION = YES;
				CLANG_WARN_INT_CONVERSION = YES;
				CLANG_WARN_OBJC_ROOT_CLASS = YES_ERROR;
				CLANG_WARN__DUPLICATE_METHOD_MATCH = YES;
				"CODE_SIGN_IDENTITY[sdk=iphoneos*]" = "iPhone Developer";
				COPY_PHASE_STRIP = YES;
				ENABLE_NS_ASSERTIONS = NO;
				GCC_C_LANGUAGE_STANDARD = gnu99;
				GCC_WARN_64_TO_32_BIT_CONVERSION = YES;
				GCC_WARN_ABOUT_RETURN_TYPE = YES_ERROR;
				GCC_WARN_UNDECLARED_SELECTOR = YES;
				GCC_WARN_UNINITIALIZED_AUTOS = YES_AGGRESSIVE;
				GCC_WARN_UNUSED_FUNCTION = YES;
				GCC_WARN_UNUSED_VARIABLE = YES;
				IPHONEOS_DEPLOYMENT_TARGET = 9.3;
				SDKROOT = iphoneos;
				TARGETED_DEVICE_FAMILY = "1,2";
				VALIDATE_PRODUCT = YES;
			};
			name = Release;
		};
		6003F5C0195388D20070C39A /* Debug */ = {
			isa = XCBuildConfiguration;
			baseConfigurationReference = B58418CA7CBD5E08BC6DAA31 /* Pods-ZJRoutes_Example.debug.xcconfig */;
			buildSettings = {
				ASSETCATALOG_COMPILER_APPICON_NAME = AppIcon;
				GCC_PRECOMPILE_PREFIX_HEADER = YES;
				GCC_PREFIX_HEADER = "ZJRoutes/ZJRoutes-Prefix.pch";
				INFOPLIST_FILE = "ZJRoutes/ZJRoutes-Info.plist";
				MODULE_NAME = ExampleApp;
				PRODUCT_BUNDLE_IDENTIFIER = "org.cocoapods.demo.${PRODUCT_NAME:rfc1034identifier}";
				PRODUCT_NAME = "$(TARGET_NAME)";
				WRAPPER_EXTENSION = app;
			};
			name = Debug;
		};
		6003F5C1195388D20070C39A /* Release */ = {
			isa = XCBuildConfiguration;
			baseConfigurationReference = C46EA3FA85F6E94B5B827CFB /* Pods-ZJRoutes_Example.release.xcconfig */;
			buildSettings = {
				ASSETCATALOG_COMPILER_APPICON_NAME = AppIcon;
				GCC_PRECOMPILE_PREFIX_HEADER = YES;
				GCC_PREFIX_HEADER = "ZJRoutes/ZJRoutes-Prefix.pch";
				INFOPLIST_FILE = "ZJRoutes/ZJRoutes-Info.plist";
				MODULE_NAME = ExampleApp;
				PRODUCT_BUNDLE_IDENTIFIER = "org.cocoapods.demo.${PRODUCT_NAME:rfc1034identifier}";
				PRODUCT_NAME = "$(TARGET_NAME)";
				WRAPPER_EXTENSION = app;
			};
			name = Release;
		};
		6003F5C3195388D20070C39A /* Debug */ = {
			isa = XCBuildConfiguration;
			baseConfigurationReference = 3CD019DDD72A4603301E5C60 /* Pods-ZJRoutes_Tests.debug.xcconfig */;
			buildSettings = {
				BUNDLE_LOADER = "$(TEST_HOST)";
				FRAMEWORK_SEARCH_PATHS = (
					"$(SDKROOT)/Developer/Library/Frameworks",
					"$(inherited)",
					"$(DEVELOPER_FRAMEWORKS_DIR)",
				);
				GCC_PRECOMPILE_PREFIX_HEADER = YES;
				GCC_PREFIX_HEADER = "Tests/Tests-Prefix.pch";
				GCC_PREPROCESSOR_DEFINITIONS = (
					"DEBUG=1",
					"$(inherited)",
				);
				INFOPLIST_FILE = "Tests/Tests-Info.plist";
				PRODUCT_BUNDLE_IDENTIFIER = "org.cocoapods.demo.${PRODUCT_NAME:rfc1034identifier}";
				PRODUCT_NAME = "$(TARGET_NAME)";
				TEST_HOST = "$(BUILT_PRODUCTS_DIR)/ZJRoutes_Example.app/ZJRoutes_Example";
				WRAPPER_EXTENSION = xctest;
			};
			name = Debug;
		};
		6003F5C4195388D20070C39A /* Release */ = {
			isa = XCBuildConfiguration;
			baseConfigurationReference = 0449475547DCBE372DF69065 /* Pods-ZJRoutes_Tests.release.xcconfig */;
			buildSettings = {
				BUNDLE_LOADER = "$(TEST_HOST)";
				FRAMEWORK_SEARCH_PATHS = (
					"$(SDKROOT)/Developer/Library/Frameworks",
					"$(inherited)",
					"$(DEVELOPER_FRAMEWORKS_DIR)",
				);
				GCC_PRECOMPILE_PREFIX_HEADER = YES;
				GCC_PREFIX_HEADER = "Tests/Tests-Prefix.pch";
				INFOPLIST_FILE = "Tests/Tests-Info.plist";
				PRODUCT_BUNDLE_IDENTIFIER = "org.cocoapods.demo.${PRODUCT_NAME:rfc1034identifier}";
				PRODUCT_NAME = "$(TARGET_NAME)";
				TEST_HOST = "$(BUILT_PRODUCTS_DIR)/ZJRoutes_Example.app/ZJRoutes_Example";
				WRAPPER_EXTENSION = xctest;
			};
			name = Release;
		};
/* End XCBuildConfiguration section */

/* Begin XCConfigurationList section */
		6003F585195388D10070C39A /* Build configuration list for PBXProject "ZJRoutes" */ = {
			isa = XCConfigurationList;
			buildConfigurations = (
				6003F5BD195388D20070C39A /* Debug */,
				6003F5BE195388D20070C39A /* Release */,
			);
			defaultConfigurationIsVisible = 0;
			defaultConfigurationName = Release;
		};
		6003F5BF195388D20070C39A /* Build configuration list for PBXNativeTarget "ZJRoutes_Example" */ = {
			isa = XCConfigurationList;
			buildConfigurations = (
				6003F5C0195388D20070C39A /* Debug */,
				6003F5C1195388D20070C39A /* Release */,
			);
			defaultConfigurationIsVisible = 0;
			defaultConfigurationName = Release;
		};
		6003F5C2195388D20070C39A /* Build configuration list for PBXNativeTarget "ZJRoutes_Tests" */ = {
			isa = XCConfigurationList;
			buildConfigurations = (
				6003F5C3195388D20070C39A /* Debug */,
				6003F5C4195388D20070C39A /* Release */,
			);
			defaultConfigurationIsVisible = 0;
			defaultConfigurationName = Release;
		};
/* End XCConfigurationList section */
	};
	rootObject = 6003F582195388D10070C39A /* Project object */;
}
